
Microsoft Visual Studio Solution File, Format Version 12.00
# Visual Studio Version 17
VisualStudioVersion = 17.13.35825.156
MinimumVisualStudioVersion = 10.0.40219.1
Project("{FAE04EC0-301F-11D3-BF4B-00C04F79EFBC}") = "QLKS", "QLKS.csproj", "{47FD13D5-1E8E-4D1B-BA94-D6523B90068E}"
EndProject
Project("{FAE04EC0-301F-11D3-BF4B-00C04F79EFBC}") = "BLL", "..\..\..\..\..\source\repos\ADO-Hotel2025\BLL\BLL.csproj", "{516FDE4C-8831-49AA-ADA9-2180197099F1}"
EndProject
Project("{FAE04EC0-301F-11D3-BF4B-00C04F79EFBC}") = "DAL", "..\..\..\..\..\source\repos\ADO-Hotel2025\DAL\DAL.csproj", "{5EB162F7-C1D5-455D-A251-47496074F4D4}"
EndProject
Global
	GlobalSection(SolutionConfigurationPlatforms) = preSolution
		Debug|Any CPU = Debug|Any CPU
		Release|Any CPU = Release|Any CPU
	EndGlobalSection
	GlobalSection(ProjectConfigurationPlatforms) = postSolution
		{47FD13D5-1E8E-4D1B-BA94-D6523B90068E}.Debug|Any CPU.ActiveCfg = Debug|Any CPU
		{47FD13D5-1E8E-4D1B-BA94-D6523B90068E}.Debug|Any CPU.Build.0 = Debug|Any CPU
		{47FD13D5-1E8E-4D1B-BA94-D6523B90068E}.Release|Any CPU.ActiveCfg = Release|Any CPU
		{47FD13D5-1E8E-4D1B-BA94-D6523B90068E}.Release|Any CPU.Build.0 = Release|Any CPU
		{516FDE4C-8831-49AA-ADA9-2180197099F1}.Debug|Any CPU.ActiveCfg = Debug|Any CPU
		{516FDE4C-8831-49AA-ADA9-2180197099F1}.Debug|Any CPU.Build.0 = Debug|Any CPU
		{516FDE4C-8831-49AA-ADA9-2180197099F1}.Release|Any CPU.ActiveCfg = Release|Any CPU
		{516FDE4C-8831-49AA-ADA9-2180197099F1}.Release|Any CPU.Build.0 = Release|Any CPU
		{5EB162F7-C1D5-455D-A251-47496074F4D4}.Debug|Any CPU.ActiveCfg = Debug|Any CPU
		{5EB162F7-C1D5-455D-A251-47496074F4D4}.Debug|Any CPU.Build.0 = Debug|Any CPU
		{5EB162F7-C1D5-455D-A251-47496074F4D4}.Release|Any CPU.ActiveCfg = Release|Any CPU
		{5EB162F7-C1D5-455D-A251-47496074F4D4}.Release|Any CPU.Build.0 = Release|Any CPU
	EndGlobalSection
	GlobalSection(SolutionProperties) = preSolution
		HideSolutionNode = FALSE
	EndGlobalSection
	GlobalSection(ExtensibilityGlobals) = postSolution
		SolutionGuid = {FCB4F462-020B-486E-82A8-EEC19FF0E6CF}
	EndGlobalSection
EndGlobal
